lockfileVersion: '9.0'

settings:
  autoInstallPeers: true
  excludeLinksFromLockfile: false

importers:

  .:
    dependencies:
      '@chainsafe/libp2p-noise':
        specifier: ^16.1.0
        version: 16.1.0
      '@chainsafe/libp2p-yamux':
        specifier: ^7.0.1
        version: 7.0.1
      '@libp2p/autonat':
        specifier: ^2.0.28
        version: 2.0.28
      '@libp2p/bootstrap':
        specifier: ^11.0.32
        version: 11.0.32
      '@libp2p/identify':
        specifier: ^3.0.27
        version: 3.0.27
      '@libp2p/interfaces':
        specifier: ^3.3.2
        version: 3.3.2
      '@libp2p/kad-dht':
        specifier: ^14.2.15
        version: 14.2.15
      '@libp2p/peer-id':
        specifier: ^5.1.0
        version: 5.1.0
      '@libp2p/peer-store':
        specifier: ^11.1.2
        version: 11.1.2
      '@libp2p/ping':
        specifier: ^2.0.27
        version: 2.0.27
      '@libp2p/websockets':
        specifier: ^9.2.8
        version: 9.2.8
      '@multiformats/multiaddr':
        specifier: ^12.4.0
        version: 12.4.0
      datastore-core:
        specifier: ^10.0.2
        version: 10.0.2
      it-all:
        specifier: ^3.0.7
        version: 3.0.7
      it-last:
        specifier: ^3.0.7
        version: 3.0.7
      libp2p:
        specifier: ^2.8.2
        version: 2.8.2
    devDependencies:
      typescript:
        specifier: ^5.8.2
        version: 5.8.2

packages:

  '@chainsafe/as-chacha20poly1305@0.1.0':
    resolution: {integrity: sha512-BpNcL8/lji/GM3+vZ/bgRWqJ1q5kwvTFmGPk7pxm/QQZDbaMI98waOHjEymTjq2JmdD/INdNBFOVSyJofXg7ew==}

  '@chainsafe/as-sha256@1.0.1':
    resolution: {integrity: sha512-4Y/kQm0LsJ6QRtGcMq6gOdQP+fZhWDfIV2eIqP6oFJZBWYGmdh3wm8YbrXDPLJO87X2Fu6koRLdUS00O3k14Hw==}

  '@chainsafe/is-ip@2.1.0':
    resolution: {integrity: sha512-KIjt+6IfysQ4GCv66xihEitBjvhU/bixbbbFxdJ1sqCp4uJ0wuZiYBPhksZoy4lfaF0k9cwNzY5upEW/VWdw3w==}

  '@chainsafe/libp2p-noise@16.1.0':
    resolution: {integrity: sha512-GJA/i5pd6VmetxokvnPlEbVCeL7SfLHkSuUHwbJ4w0u7dZUbse4Hr8SA8RYGwNHbZr2TEKFC9WerhvMWbciIrQ==}

  '@chainsafe/libp2p-yamux@7.0.1':
    resolution: {integrity: sha512-949MI0Ll0AsYq1gUETZmL/MijwX0jilOQ1i4s8wDEXGiMhuPWWiMsPgEnX6n+VzFmTrfNYyGaaJj5/MqxV9y/g==}

  '@chainsafe/netmask@2.0.0':
    resolution: {integrity: sha512-I3Z+6SWUoaljh3TBzCnCxjlUyN8tA+NAk5L6m9IxvCf1BENQTePzPMis97CoN/iMW1St3WN+AWCCRp+TTBRiDg==}

  '@leichtgewicht/ip-codec@2.0.5':
    resolution: {integrity: sha512-Vo+PSpZG2/fmgmiNzYK9qWRh8h/CHrwD0mo1h1DzL4yzHNSfWYujGTYsWGreD000gcgmZ7K4Ys6Tx9TxtsKdDw==}

  '@libp2p/autonat@2.0.28':
    resolution: {integrity: sha512-SFVowDdGf+C8l3XpDAqvf6eVuFcxNVuo9AS5afkklZ9RoSgc46qVGBrRFsL/27gPkuFZspx5yMYClJO8/HRleg==}

  '@libp2p/bootstrap@11.0.32':
    resolution: {integrity: sha512-sXpl92PyFTHhq3mA56DDyqHwFKn8JSUdco83f4ur3Jl69Zm8e4Yxli2hdzWNPtOoXy2s0DCagc/bOFuSSYu8fA==}

  '@libp2p/crypto@5.0.15':
    resolution: {integrity: sha512-28xYMOn3fs8flsNgCVVxp27gEmDTtZHbz+qEVv3v7cWfGRipaVhNXFV9tQJHWXHQ8mN8v/PQvgcfCcWu5jkrTg==}

  '@libp2p/identify@3.0.27':
    resolution: {integrity: sha512-HCIT8I3X8CS/v1spocl5PR1qHGySvY5K7EtZSX7opH7wvQCT/WSWIQLSyY8hL0ezc2CGvCRpr6YVcuaYZtMjaA==}

  '@libp2p/interface-internal@2.3.9':
    resolution: {integrity: sha512-1hW/yHktO3txc+r4ASmVA9GbNN6ZoGnH8Bt9VrYwY580BT53TP3eipn3Bo1XyGBDtmV6bpQiKhFK5AYVbhnz0g==}

  '@libp2p/interface@2.7.0':
    resolution: {integrity: sha512-lWmfIGzbSaw//yoEWWJh8dXNDGSCwUyXwC7P1Q6jCFWNoEtCaB1pvwOGBtri7Db/aNFZryMzN5covoq5ulldnA==}

  '@libp2p/interfaces@3.3.2':
    resolution: {integrity: sha512-p/M7plbrxLzuQchvNwww1Was7ZeGE2NaOFulMaZBYIihU8z3fhaV+a033OqnC/0NTX/yhfdNOG7znhYq3XoR/g==}
    engines: {node: '>=16.0.0', npm: '>=7.0.0'}

  '@libp2p/kad-dht@14.2.15':
    resolution: {integrity: sha512-iARZsaKrm9LlOE0nRTsqMasYGfWbh+zw1TAMWOY/QHTszFGb9ol7FZoI9WUzoif9ltKLu3BjJpy00b8CVofCBw==}

  '@libp2p/logger@5.1.13':
    resolution: {integrity: sha512-JKyMlySG8T+LpItsj9Vma57yap/A0HqJ8ZdaHvgdoThhSOfqcRs8oRWO/2EG0Q5hUXugw//EAT+Ptj8MyNdbjQ==}

  '@libp2p/multistream-select@6.0.20':
    resolution: {integrity: sha512-DHObPodBZXNUFiMzMX0KSnkbDM6am4G8GfkfYPpmx+yuleuutiJrmN95Xt9ximhn9m+YtEZWB2Je8+Lb0bwIYQ==}

  '@libp2p/peer-collections@6.0.25':
    resolution: {integrity: sha512-sU6mjwANQvVPgTgslRZvxZ6cYzQJ66QmNHm6mrM0cx03Yf1heWnvL28N/P781nGsUjo1cJD7xB5ctAGk6A/lXw==}

  '@libp2p/peer-id@5.1.0':
    resolution: {integrity: sha512-9Xob9DDg1uBboM2QvJ5nyPbsjxsNS9obmGAYeAtLSx5aHAIC4AweJQFHssUUCfW7mufkzX/s3zyR62XPR4SYyQ==}

  '@libp2p/peer-record@8.0.25':
    resolution: {integrity: sha512-IFuAhxzMS/NlXZS7+vn7tTJY32ODtKN/aFBRd1wekAw5DebGtvqkt9mN3UbeXJPesu9w87e4Q8GSarD0URXRlw==}

  '@libp2p/peer-store@11.1.2':
    resolution: {integrity: sha512-2egfDs6j+uvreBrzChf5xwNe0kQgYhuaOBx3rVgCAHxuJyXK6/lK+PpEH3Cfgad+if388mII58MU5gzpbawsaw==}

  '@libp2p/ping@2.0.27':
    resolution: {integrity: sha512-UwkiEJkdKY/4ncwLxMeo1A0DMXMFPTOE39qFovIkEVZI+hLmwMGo9d6kaEVaNL7lyCPFvZmT28RAyK2wOqVZQg==}

  '@libp2p/record@4.0.5':
    resolution: {integrity: sha512-HfKugY+ZKizhxE/hbLqI8zcFLfYly2gakaL0k8wBXCfmOTrAV7UajeJWkWqrKkIEMHASUyapm746KF+i9e7Xmw==}

  '@libp2p/utils@6.6.0':
    resolution: {integrity: sha512-QjS1+r+jInOxULjdATBc1N/gorUWUoJqEKxpqTcB2wOwCipzB58RYR3n3QPeoRHj1mVMhZujE1dTbmK/Nafhqg==}

  '@libp2p/websockets@9.2.8':
    resolution: {integrity: sha512-G4hOu3KDESFfNEvhLpGA0Dan8wRq7s5MtXfbCBnlSgbsWR3qZhQs6WdGaRd3T6Y038tGjmgKNJ3NS8+CbklwKw==}

  '@multiformats/dns@1.0.6':
    resolution: {integrity: sha512-nt/5UqjMPtyvkG9BQYdJ4GfLK3nMqGpFZOzf4hAmIa0sJh2LlS9YKXZ4FgwBDsaHvzZqR/rUFIywIc7pkHNNuw==}

  '@multiformats/mafmt@12.1.6':
    resolution: {integrity: sha512-tlJRfL21X+AKn9b5i5VnaTD6bNttpSpcqwKVmDmSHLwxoz97fAHaepqFOk/l1fIu94nImIXneNbhsJx/RQNIww==}

  '@multiformats/multiaddr-matcher@1.6.0':
    resolution: {integrity: sha512-E77lLvQR+50kTAfvjV3g4wr9qCu77Z+6yT0s1hgfh8B4sAXZ8u/YdQJGhjgstgW1kmGy7BXPppROKYijqQsesQ==}

  '@multiformats/multiaddr-to-uri@11.0.0':
    resolution: {integrity: sha512-9RNmlIGwZbBLsHekT50dbt4o4u8Iciw9kGjv+WHiGxQdsJ6xKKjU1+C0Vbas6RilMbaVOAOnEyfNcXbUmTkLxQ==}

  '@multiformats/multiaddr@12.4.0':
    resolution: {integrity: sha512-FL7yBTLijJ5JkO044BGb2msf+uJLrwpD6jD6TkXlbjA9N12+18HT40jvd4o5vL4LOJMc86dPX6tGtk/uI9kYKg==}

  '@noble/ciphers@1.2.1':
    resolution: {integrity: sha512-rONPWMC7PeExE077uLE4oqWrZ1IvAfz3oH9LibVAcVCopJiA9R62uavnbEzdkVmJYI6M6Zgkbeb07+tWjlq2XA==}
    engines: {node: ^14.21.3 || >=16}

  '@noble/curves@1.8.1':
    resolution: {integrity: sha512-warwspo+UYUPep0Q+vtdVB4Ugn8GGQj8iyB3gnRWsztmUHTI3S1nhdiWNsPUGL0vud7JlRRk1XEu7Lq1KGTnMQ==}
    engines: {node: ^14.21.3 || >=16}

  '@noble/hashes@1.7.1':
    resolution: {integrity: sha512-B8XBPsn4vT/KJAGqDzbwztd+6Yte3P4V7iafm24bxgDe/mlRuK6xmWPuCNrKt2vDafZ8MfJLlchDG/vYafQEjQ==}
    engines: {node: ^14.21.3 || >=16}

  '@sindresorhus/fnv1a@3.1.0':
    resolution: {integrity: sha512-KV321z5m/0nuAg83W1dPLy85HpHDk7Sdi4fJbwvacWsEhAh+rZUW4ZfGcXmUIvjZg4ss2bcwNlRhJ7GBEUG08w==}
    engines: {node: ^12.20.0 || ^14.13.1 || >=16.0.0}

  '@types/dns-packet@5.6.5':
    resolution: {integrity: sha512-qXOC7XLOEe43ehtWJCMnQXvgcIpv6rPmQ1jXT98Ad8A3TB1Ue50jsCbSSSyuazScEuZ/Q026vHbrOTVkmwA+7Q==}

  '@types/node@22.13.11':
    resolution: {integrity: sha512-iEUCUJoU0i3VnrCmgoWCXttklWcvoCIx4jzcP22fioIVSdTmjgoEvmAO/QPw6TcS9k5FrNgn4w7q5lGOd1CT5g==}

  '@types/retry@0.12.2':
    resolution: {integrity: sha512-XISRgDJ2Tc5q4TRqvgJtzsRkFYNJzZrhTdtMoGVBttwzzQJkPnS3WWTFc7kuDRoPtPakl+T+OfdEUjYJj7Jbow==}

  '@types/ws@8.18.0':
    resolution: {integrity: sha512-8svvI3hMyvN0kKCJMvTJP/x6Y/EoQbepff882wL+Sn5QsXb3etnamgrJq4isrBxSJj5L2AuXcI0+bgkoAXGUJw==}

  abort-error@1.0.1:
    resolution: {integrity: sha512-fxqCblJiIPdSXIUrxI0PL+eJG49QdP9SQ70qtB65MVAoMr2rASlOyAbJFOylfB467F/f+5BCLJJq58RYi7mGfg==}

  any-signal@4.1.1:
    resolution: {integrity: sha512-iADenERppdC+A2YKbOXXB2WUeABLaM6qnpZ70kZbPZ1cZMMJ7eF+3CaYm+/PhBizgkzlvssC7QuHS30oOiQYWA==}
    engines: {node: '>=16.0.0', npm: '>=7.0.0'}

  base64-js@1.5.1:
    resolution: {integrity: sha512-AKpaYlHn8t4SVbOHCy+b5+KKgvR4vrsD8vbvrbiQJps7fKDTkjkDry6ji0rUJjC0kzbNePLwzxq8iypo41qeWA==}

  buffer@6.0.3:
    resolution: {integrity: sha512-FTiCpNxtwiZZHEZbcbTIcZjERVICn9yq/pDFkTl95/AxzD1naBctN7YO68riM/gLSDY7sdrMby8hofADYuuqOA==}

  datastore-core@10.0.2:
    resolution: {integrity: sha512-B3WXxI54VxJkpXxnYibiF17si3bLXE1XOjrJB7wM5co9fx2KOEkiePDGiCCEtnapFHTnmAnYCPdA7WZTIpdn/A==}

  delay@6.0.0:
    resolution: {integrity: sha512-2NJozoOHQ4NuZuVIr5CWd0iiLVIRSDepakaovIN+9eIDHEhdCAEvSy2cuf1DCrPPQLvHmbqTHODlhHg8UCy4zw==}
    engines: {node: '>=16'}

  dns-packet@5.6.1:
    resolution: {integrity: sha512-l4gcSouhcgIKRvyy99RNVOgxXiicE+2jZoNmaNmZ6JXiGajBOJAesk1OBlJuM5k2c+eudGdLxDqXuPCKIj6kpw==}
    engines: {node: '>=6'}

  event-iterator@2.0.0:
    resolution: {integrity: sha512-KGft0ldl31BZVV//jj+IAIGCxkvvUkkON+ScH6zfoX+l+omX6001ggyRSpI0Io2Hlro0ThXotswCtfzS8UkIiQ==}

  eventemitter3@5.0.1:
    resolution: {integrity: sha512-GWkBvjiSZK87ELrYOSESUYeVIc9mvLLf/nXalMOS5dYrgZq9o5OVkbZAVM06CVxYsCwH9BDZFPlQTlPA1j4ahA==}

  get-iterator@2.0.1:
    resolution: {integrity: sha512-7HuY/hebu4gryTDT7O/XY/fvY9wRByEGdK6QOa4of8npTcv0+NS6frFKABcf6S9EBAsveTuKTsZQQBFMMNILIg==}

  hashlru@2.3.0:
    resolution: {integrity: sha512-0cMsjjIC8I+D3M44pOQdsy0OHXGLVz6Z0beRuufhKa0KfaD2wGwAev6jILzXsd3/vpnNQJmWyZtIILqM1N+n5A==}

  ieee754@1.2.1:
    resolution: {integrity: sha512-dcyqhDvX1C46lXZcVqCpK+FtMRQVdIMN6/Df5js2zouUsqG7I6sFxitIC+7KYK29KdXOLHdu9zL4sFnoVQnqaA==}

  interface-datastore@8.3.1:
    resolution: {integrity: sha512-3r0ETmHIi6HmvM5sc09QQiCD3gUfwtEM/AAChOyAd/UAKT69uk8LXfTSUBufbUIO/dU65Vj8nb9O6QjwW8vDSQ==}

  interface-store@6.0.2:
    resolution: {integrity: sha512-KSFCXtBlNoG0hzwNa0RmhHtrdhzexp+S+UY2s0rWTBJyfdEIgn6i6Zl9otVqrcFYbYrneBT7hbmHQ8gE0C3umA==}

  is-electron@2.2.2:
    resolution: {integrity: sha512-FO/Rhvz5tuw4MCWkpMzHFKWD2LsfHzIb7i6MdPYZ/KW7AlxawyLkqdy+jPZP1WubqEADE3O4FUENlJHDfQASRg==}

  is-loopback-addr@2.0.2:
    resolution: {integrity: sha512-26POf2KRCno/KTNL5Q0b/9TYnL00xEsSaLfiFRmjM7m7Lw7ZMmFybzzuX4CcsLAluZGd+niLUiMRxEooVE3aqg==}

  is-network-error@1.1.0:
    resolution: {integrity: sha512-tUdRRAnhT+OtCZR/LxZelH/C7QtjtFrTu5tXCA8pl55eTUElUHT+GPYV8MBMBvea/j+NxQqVt3LbWMRir7Gx9g==}
    engines: {node: '>=16'}

  is-plain-obj@2.1.0:
    resolution: {integrity: sha512-YWnfyRwxL/+SsrWYfOpUtz5b3YD+nyfkHvjbcanzk8zgyO4ASD67uVMRt8k5bM4lLMDnXfriRhOpemw+NfT1eA==}
    engines: {node: '>=8'}

  it-all@3.0.7:
    resolution: {integrity: sha512-PkuYtu6XhJzuPTKXImd6y0qE6H91MUPV/b9xotXMAI6GjmD2v3NoHj2g5L0lS2qZ0EzyGWZU1kp0UxW8POvNBQ==}

  it-byte-stream@1.1.1:
    resolution: {integrity: sha512-OIOb8PvK9ZV7MHvyxIDNyN3jmrxrJdx99G0RIYYb3Tzo1OWv+O1C6mfg7nnlDuuTQz2POYFXe87AShKAEl+POw==}

  it-drain@3.0.8:
    resolution: {integrity: sha512-eeOz+WwKc11ou1UuqZympcXPLCjpTn5ALcYFJiHeTEiYEZ2py/J1vq41XWYj88huCUiqp9iNHfObOKrbIk5Izw==}

  it-filter@3.1.2:
    resolution: {integrity: sha512-2AozaGjIvBBiB7t7MpVNug9kwofqmKSpvgW7zhuyvCs6xxDd6FrfvqyfYtlQTKLNP+Io1WeXko1UQhdlK4M0gg==}

  it-foreach@2.1.2:
    resolution: {integrity: sha512-PvXs3v1FaeWDhWzRxnwB4vSKJngxdLgi0PddkfurCvIFBmKTBfWONLeyDk5dxrvtCzdE4y96KzEQynk4/bbI5A==}

  it-last@3.0.7:
    resolution: {integrity: sha512-qG4BTveE6Wzsz5voqaOtZAfZgXTJT+yiaj45vp5S0Vi8oOdgKlRqUeolfvWoMCJ9vwSc/z9pAaNYIza7gA851w==}

  it-length-prefixed-stream@1.2.1:
    resolution: {integrity: sha512-FYqlxc2toUoK+aPO5r3KDBIUG1mOvk2DzmjQcsfLUTHRWMJP4Va9855tVzg/22Bj+VUUaT7gxBg7HmbiCxTK4w==}

  it-length-prefixed@10.0.1:
    resolution: {integrity: sha512-BhyluvGps26u9a7eQIpOI1YN7mFgi8lFwmiPi07whewbBARKAG9LE09Odc8s1Wtbt2MB6rNUrl7j9vvfXTJwdQ==}
    engines: {node: '>=16.0.0', npm: '>=7.0.0'}

  it-length@3.0.7:
    resolution: {integrity: sha512-URrszwrzPrUn6PtsSFcixG4NwHydaARmPubO0UUnFH+NSNylBaGtair1fnxX7Zf2qVJQltPBVs3PZvcmFPTLXA==}

  it-map@3.1.2:
    resolution: {integrity: sha512-G3dzFUjTYHKumJJ8wa9dSDS3yKm8L7qDUnAgzemOD0UMztwm54Qc2v97SuUCiAgbOz/aibkSLImfoFK09RlSFQ==}

  it-merge@3.0.9:
    resolution: {integrity: sha512-TjY4WTiwe4ONmaKScNvHDAJj6Tw0UeQFp4JrtC/3Mq7DTyhytes7mnv5OpZV4gItpZcs0AgRntpT2vAy2cnXUw==}

  it-pair@2.0.6:
    resolution: {integrity: sha512-5M0t5RAcYEQYNG5BV7d7cqbdwbCAp5yLdzvkxsZmkuZsLbTdZzah6MQySYfaAQjNDCq6PUnDt0hqBZ4NwMfW6g==}
    engines: {node: '>=16.0.0', npm: '>=7.0.0'}

  it-parallel@3.0.9:
    resolution: {integrity: sha512-FSg8T+pr7Z1VUuBxEzAAp/K1j8r1e9mOcyzpWMxN3mt33WFhroFjWXV1oYSSjNqcdYwxD/XgydMVMktJvKiDog==}

  it-peekable@3.0.6:
    resolution: {integrity: sha512-odk9wn8AwFQipy8+tFaZNRCM62riraKZJRysfbmOett9wgJumCwgZFzWUBUwMoiQapEcEVGwjDpMChZIi+zLuQ==}

  it-pipe@3.0.1:
    resolution: {integrity: sha512-sIoNrQl1qSRg2seYSBH/3QxWhJFn9PKYvOf/bHdtCBF0bnghey44VyASsWzn5dAx0DCDDABq1hZIuzKmtBZmKA==}
    engines: {node: '>=16.0.0', npm: '>=7.0.0'}

  it-protobuf-stream@1.1.6:
    resolution: {integrity: sha512-TxqgDHXTBt1XkYhrGKP8ubNsYD4zuTClSg6S1M0xTPsskGKA4nPFOGM60zrkh4NMB1Wt3EnsqM5U7kXkx60EXQ==}

  it-pushable@3.2.3:
    resolution: {integrity: sha512-gzYnXYK8Y5t5b/BnJUr7glfQLO4U5vyb05gPx/TyTw+4Bv1zM9gFk4YsOrnulWefMewlphCjKkakFvj1y99Tcg==}

  it-queueless-pushable@1.0.2:
    resolution: {integrity: sha512-BFIm48C4O8+i+oVEPQpZ70+CaAsVUircvZtZCrpG2Q64933aLp+tDmas1mTBwqVBfIUUlg09d+e6SWW1CBuykQ==}

  it-queueless-pushable@2.0.0:
    resolution: {integrity: sha512-MlNnefWT/ntv5fesrHpxwVIu6ZdtlkN0A4aaJiE5wnmPMBv9ttiwX3UEMf78dFwIj5ZNaU9usYXg4swMEpUNJQ==}

  it-reader@6.0.4:
    resolution: {integrity: sha512-XCWifEcNFFjjBHtor4Sfaj8rcpt+FkY0L6WdhD578SCDhV4VUm7fCkF3dv5a+fTcfQqvN9BsxBTvWbYO6iCjTg==}
    engines: {node: '>=16.0.0', npm: '>=7.0.0'}

  it-sort@3.0.7:
    resolution: {integrity: sha512-PsaKSd2Z0uhq8Mq5htdfsE/UagmdLCLWdBXPwi3FZGR4BTG180pFamhK+O+luFtBCNGRoqKAdtbZGTyGwA9uzw==}

  it-stream-types@2.0.2:
    resolution: {integrity: sha512-Rz/DEZ6Byn/r9+/SBCuJhpPATDF9D+dz5pbgSUyBsCDtza6wtNATrz/jz1gDyNanC3XdLboriHnOC925bZRBww==}

  it-take@3.0.7:
    resolution: {integrity: sha512-0+EbsTvH1XCpwhhFkjWdqJTjzS5XP3KL69woBqwANNhMLKn0j39jk/WHIlvbg9XW2vEm7cZz4p8w5DkBZR8LoA==}

  it-ws@6.1.5:
    resolution: {integrity: sha512-uWjMtpy5HqhSd/LlrlP3fhYrr7rUfJFFMABv0F5d6n13Q+0glhZthwUKpEAVhDrXY95Tb1RB5lLqqef+QbVNaw==}
    engines: {node: '>=16.0.0', npm: '>=7.0.0'}

  libp2p@2.8.2:
    resolution: {integrity: sha512-LYZUWXcL5kQ+5VIiWhUWURLR7tgNBfwqGTLtZukMqjb33U/YAdd9lqW2MXjvaJLXPuGgRAatisDTOEP/ckfhWA==}

  merge-options@3.0.4:
    resolution: {integrity: sha512-2Sug1+knBjkaMsMgf1ctR1Ujx+Ayku4EdJN4Z+C2+JzoeF7A3OZ9KM2GY0CpQS51NR61LTurMJrRKPhSs3ZRTQ==}
    engines: {node: '>=10'}

  mortice@3.0.6:
    resolution: {integrity: sha512-xUjsTQreX8rO3pHuGYDZ3PY/sEiONIzqzjLeog5akdY4bz9TlDDuvYlU8fm+6qnm4rnpa6AFxLhsfSBThLijdA==}

  ms@3.0.0-canary.1:
    resolution: {integrity: sha512-kh8ARjh8rMN7Du2igDRO9QJnqCb2xYTJxyQYK7vJJS4TvLLmsbyhiKpSW+t+y26gyOyMd0riphX0GeWKU3ky5g==}
    engines: {node: '>=12.13'}

  multiformats@13.3.2:
    resolution: {integrity: sha512-qbB0CQDt3QKfiAzZ5ZYjLFOs+zW43vA4uyM8g27PeEuXZybUOFyjrVdP93HPBHMoglibwfkdVwbzfUq8qGcH6g==}

  netmask@2.0.2:
    resolution: {integrity: sha512-dBpDMdxv9Irdq66304OLfEmQ9tbNRFnFTuZiLo+bD+r332bBmMJ8GBLXklIXXgxd3+v9+KUnZaUR5PJMa75Gsg==}
    engines: {node: '>= 0.4.0'}

  observable-webworkers@2.0.1:
    resolution: {integrity: sha512-JI1vB0u3pZjoQKOK1ROWzp0ygxSi7Yb0iR+7UNsw4/Zn4cQ0P3R7XL38zac/Dy2tEA7Lg88/wIJTjF8vYXZ0uw==}
    engines: {node: '>=16.0.0', npm: '>=7.0.0'}

  p-defer@4.0.1:
    resolution: {integrity: sha512-Mr5KC5efvAK5VUptYEIopP1bakB85k2IWXaRC0rsh1uwn1L6M0LVml8OIQ4Gudg4oyZakf7FmeRLkMMtZW1i5A==}
    engines: {node: '>=12'}

  p-event@6.0.1:
    resolution: {integrity: sha512-Q6Bekk5wpzW5qIyUP4gdMEujObYstZl6DMMOSenwBvV0BlE5LkDwkjs5yHbZmdCEq2o4RJx4tE1vwxFVf2FG1w==}
    engines: {node: '>=16.17'}

  p-queue@8.1.0:
    resolution: {integrity: sha512-mxLDbbGIBEXTJL0zEx8JIylaj3xQ7Z/7eEVjcF9fJX4DBiH9oqe+oahYnlKKxm0Ci9TlWTyhSHgygxMxjIB2jw==}
    engines: {node: '>=18'}

  p-retry@6.2.1:
    resolution: {integrity: sha512-hEt02O4hUct5wtwg4H4KcWgDdm+l1bOaEy/hWzd8xtXB9BqxTWBBhb+2ImAtH4Cv4rPjV76xN3Zumqk3k3AhhQ==}
    engines: {node: '>=16.17'}

  p-timeout@6.1.4:
    resolution: {integrity: sha512-MyIV3ZA/PmyBN/ud8vV9XzwTrNtR4jFrObymZYnZqMmW0zA8Z17vnT0rBgFE/TlohB+YCHqXMgZzb3Csp49vqg==}
    engines: {node: '>=14.16'}

  progress-events@1.0.1:
    resolution: {integrity: sha512-MOzLIwhpt64KIVN64h1MwdKWiyKFNc/S6BoYKPIVUHFg0/eIEyBulhWCgn678v/4c0ri3FdGuzXymNCv02MUIw==}

  protons-runtime@5.5.0:
    resolution: {integrity: sha512-EsALjF9QsrEk6gbCx3lmfHxVN0ah7nG3cY7GySD4xf4g8cr7g543zB88Foh897Sr1RQJ9yDCUsoT1i1H/cVUFA==}

  race-event@1.3.0:
    resolution: {integrity: sha512-kaLm7axfOnahIqD3jQ4l1e471FIFcEGebXEnhxyLscuUzV8C94xVHtWEqDDXxll7+yu/6lW0w1Ff4HbtvHvOHg==}

  race-signal@1.1.3:
    resolution: {integrity: sha512-Mt2NznMgepLfORijhQMncE26IhkmjEphig+/1fKC0OtaKwys/gpvpmswSjoN01SS+VO951mj0L4VIDXdXsjnfA==}

  retry@0.13.1:
    resolution: {integrity: sha512-XQBQ3I8W1Cge0Seh+6gjj03LbmRFWuoszgK9ooCpwYIrhhoO80pfq4cUkU5DkknwfOfFteRwlZ56PYOGYyFWdg==}
    engines: {node: '>= 4'}

  supports-color@9.4.0:
    resolution: {integrity: sha512-VL+lNrEoIXww1coLPOmiEmK/0sGigko5COxI09KzHc2VJXJsQ37UaQ+8quuxjDeA7+KnLGTWRyOXSLLR2Wb4jw==}
    engines: {node: '>=12'}

  typescript@5.8.2:
    resolution: {integrity: sha512-aJn6wq13/afZp/jT9QZmwEjDqqvSGp1VT5GVg+f/t6/oVyrgXM6BY1h9BRh/O5p3PlUPAe+WuiEZOmb/49RqoQ==}
    engines: {node: '>=14.17'}
    hasBin: true

  uint8-varint@2.0.4:
    resolution: {integrity: sha512-FwpTa7ZGA/f/EssWAb5/YV6pHgVF1fViKdW8cWaEarjB8t7NyofSWBdOTyFPaGuUG4gx3v1O3PQ8etsiOs3lcw==}

  uint8arraylist@2.4.8:
    resolution: {integrity: sha512-vc1PlGOzglLF0eae1M8mLRTBivsvrGsdmJ5RbK3e+QRvRLOZfZhQROTwH/OfyF3+ZVUg9/8hE8bmKP2CvP9quQ==}

  uint8arrays@5.1.0:
    resolution: {integrity: sha512-vA6nFepEmlSKkMBnLBaUMVvAC4G3CTmO58C12y4sq6WPDOR7mOFYOi7GlrQ4djeSbP6JG9Pv9tJDM97PedRSww==}

  undici-types@6.20.0:
    resolution: {integrity: sha512-Ny6QZ2Nju20vw1SRHe3d9jVu6gJ+4e3+MMpqu7pqE5HT6WsTSlce++GQmK5UXS8mzV8DSYHrQH+Xrf2jVcuKNg==}

  weald@1.0.4:
    resolution: {integrity: sha512-+kYTuHonJBwmFhP1Z4YQK/dGi3jAnJGCYhyODFpHK73rbxnp9lnZQj7a2m+WVgn8fXr5bJaxUpF6l8qZpPeNWQ==}

  wherearewe@2.0.1:
    resolution: {integrity: sha512-XUguZbDxCA2wBn2LoFtcEhXL6AXo+hVjGonwhSTTTU9SzbWG8Xu3onNIpzf9j/mYUcJQ0f+m37SzG77G851uFw==}
    engines: {node: '>=16.0.0', npm: '>=7.0.0'}

  ws@8.18.1:
    resolution: {integrity: sha512-RKW2aJZMXeMxVpnZ6bck+RswznaxmzdULiBr6KY7XkTnW8uvt0iT9H5DkHUChXrc+uurzwa0rVI16n/Xzjdz1w==}
    engines: {node: '>=10.0.0'}
    peerDependencies:
      bufferutil: ^4.0.1
      utf-8-validate: '>=5.0.2'
    peerDependenciesMeta:
      bufferutil:
        optional: true
      utf-8-validate:
        optional: true

snapshots:

  '@chainsafe/as-chacha20poly1305@0.1.0': {}

  '@chainsafe/as-sha256@1.0.1': {}

  '@chainsafe/is-ip@2.1.0': {}

  '@chainsafe/libp2p-noise@16.1.0':
    dependencies:
      '@chainsafe/as-chacha20poly1305': 0.1.0
      '@chainsafe/as-sha256': 1.0.1
      '@libp2p/crypto': 5.0.15
      '@libp2p/interface': 2.7.0
      '@libp2p/peer-id': 5.1.0
      '@noble/ciphers': 1.2.1
      '@noble/curves': 1.8.1
      '@noble/hashes': 1.7.1
      it-length-prefixed: 10.0.1
      it-length-prefixed-stream: 1.2.1
      it-pair: 2.0.6
      it-pipe: 3.0.1
      it-stream-types: 2.0.2
      protons-runtime: 5.5.0
      uint8arraylist: 2.4.8
      uint8arrays: 5.1.0
      wherearewe: 2.0.1

  '@chainsafe/libp2p-yamux@7.0.1':
    dependencies:
      '@libp2p/interface': 2.7.0
      '@libp2p/utils': 6.6.0
      get-iterator: 2.0.1
      it-foreach: 2.1.2
      it-pushable: 3.2.3
      it-stream-types: 2.0.2
      uint8arraylist: 2.4.8

  '@chainsafe/netmask@2.0.0':
    dependencies:
      '@chainsafe/is-ip': 2.1.0

  '@leichtgewicht/ip-codec@2.0.5': {}

  '@libp2p/autonat@2.0.28':
    dependencies:
      '@libp2p/interface': 2.7.0
      '@libp2p/interface-internal': 2.3.9
      '@libp2p/peer-collections': 6.0.25
      '@libp2p/peer-id': 5.1.0
      '@libp2p/utils': 6.6.0
      '@multiformats/multiaddr': 12.4.0
      any-signal: 4.1.1
      it-protobuf-stream: 1.1.6
      multiformats: 13.3.2
      protons-runtime: 5.5.0
      uint8arraylist: 2.4.8

  '@libp2p/bootstrap@11.0.32':
    dependencies:
      '@libp2p/interface': 2.7.0
      '@libp2p/interface-internal': 2.3.9
      '@libp2p/peer-id': 5.1.0
      '@multiformats/mafmt': 12.1.6
      '@multiformats/multiaddr': 12.4.0

  '@libp2p/crypto@5.0.15':
    dependencies:
      '@libp2p/interface': 2.7.0
      '@noble/curves': 1.8.1
      '@noble/hashes': 1.7.1
      multiformats: 13.3.2
      protons-runtime: 5.5.0
      uint8arraylist: 2.4.8
      uint8arrays: 5.1.0

  '@libp2p/identify@3.0.27':
    dependencies:
      '@libp2p/crypto': 5.0.15
      '@libp2p/interface': 2.7.0
      '@libp2p/interface-internal': 2.3.9
      '@libp2p/peer-id': 5.1.0
      '@libp2p/peer-record': 8.0.25
      '@libp2p/utils': 6.6.0
      '@multiformats/multiaddr': 12.4.0
      '@multiformats/multiaddr-matcher': 1.6.0
      it-drain: 3.0.8
      it-parallel: 3.0.9
      it-protobuf-stream: 1.1.6
      protons-runtime: 5.5.0
      uint8arraylist: 2.4.8
      uint8arrays: 5.1.0

  '@libp2p/interface-internal@2.3.9':
    dependencies:
      '@libp2p/interface': 2.7.0
      '@libp2p/peer-collections': 6.0.25
      '@multiformats/multiaddr': 12.4.0
      progress-events: 1.0.1

  '@libp2p/interface@2.7.0':
    dependencies:
      '@multiformats/multiaddr': 12.4.0
      it-pushable: 3.2.3
      it-stream-types: 2.0.2
      multiformats: 13.3.2
      progress-events: 1.0.1
      uint8arraylist: 2.4.8

  '@libp2p/interfaces@3.3.2': {}

  '@libp2p/kad-dht@14.2.15':
    dependencies:
      '@libp2p/crypto': 5.0.15
      '@libp2p/interface': 2.7.0
      '@libp2p/interface-internal': 2.3.9
      '@libp2p/peer-collections': 6.0.25
      '@libp2p/peer-id': 5.1.0
      '@libp2p/record': 4.0.5
      '@libp2p/utils': 6.6.0
      '@multiformats/multiaddr': 12.4.0
      any-signal: 4.1.1
      interface-datastore: 8.3.1
      it-all: 3.0.7
      it-drain: 3.0.8
      it-length: 3.0.7
      it-length-prefixed: 10.0.1
      it-map: 3.1.2
      it-merge: 3.0.9
      it-parallel: 3.0.9
      it-pipe: 3.0.1
      it-protobuf-stream: 1.1.6
      it-take: 3.0.7
      mortice: 3.0.6
      multiformats: 13.3.2
      p-defer: 4.0.1
      p-event: 6.0.1
      progress-events: 1.0.1
      protons-runtime: 5.5.0
      race-signal: 1.1.3
      uint8-varint: 2.0.4
      uint8arraylist: 2.4.8
      uint8arrays: 5.1.0

  '@libp2p/logger@5.1.13':
    dependencies:
      '@libp2p/interface': 2.7.0
      '@multiformats/multiaddr': 12.4.0
      interface-datastore: 8.3.1
      multiformats: 13.3.2
      weald: 1.0.4

  '@libp2p/multistream-select@6.0.20':
    dependencies:
      '@libp2p/interface': 2.7.0
      it-length-prefixed: 10.0.1
      it-length-prefixed-stream: 1.2.1
      it-stream-types: 2.0.2
      p-defer: 4.0.1
      race-signal: 1.1.3
      uint8-varint: 2.0.4
      uint8arraylist: 2.4.8
      uint8arrays: 5.1.0

  '@libp2p/peer-collections@6.0.25':
    dependencies:
      '@libp2p/interface': 2.7.0
      '@libp2p/peer-id': 5.1.0
      '@libp2p/utils': 6.6.0
      multiformats: 13.3.2

  '@libp2p/peer-id@5.1.0':
    dependencies:
      '@libp2p/crypto': 5.0.15
      '@libp2p/interface': 2.7.0
      multiformats: 13.3.2
      uint8arrays: 5.1.0

  '@libp2p/peer-record@8.0.25':
    dependencies:
      '@libp2p/crypto': 5.0.15
      '@libp2p/interface': 2.7.0
      '@libp2p/peer-id': 5.1.0
      '@libp2p/utils': 6.6.0
      '@multiformats/multiaddr': 12.4.0
      multiformats: 13.3.2
      protons-runtime: 5.5.0
      uint8-varint: 2.0.4
      uint8arraylist: 2.4.8
      uint8arrays: 5.1.0

  '@libp2p/peer-store@11.1.2':
    dependencies:
      '@libp2p/crypto': 5.0.15
      '@libp2p/interface': 2.7.0
      '@libp2p/peer-id': 5.1.0
      '@libp2p/peer-record': 8.0.25
      '@multiformats/multiaddr': 12.4.0
      interface-datastore: 8.3.1
      it-all: 3.0.7
      mortice: 3.0.6
      multiformats: 13.3.2
      protons-runtime: 5.5.0
      uint8arraylist: 2.4.8
      uint8arrays: 5.1.0

  '@libp2p/ping@2.0.27':
    dependencies:
      '@libp2p/crypto': 5.0.15
      '@libp2p/interface': 2.7.0
      '@libp2p/interface-internal': 2.3.9
      '@multiformats/multiaddr': 12.4.0
      it-byte-stream: 1.1.1
      uint8arrays: 5.1.0

  '@libp2p/record@4.0.5':
    dependencies:
      protons-runtime: 5.5.0
      uint8arraylist: 2.4.8
      uint8arrays: 5.1.0

  '@libp2p/utils@6.6.0':
    dependencies:
      '@chainsafe/is-ip': 2.1.0
      '@chainsafe/netmask': 2.0.0
      '@libp2p/crypto': 5.0.15
      '@libp2p/interface': 2.7.0
      '@libp2p/logger': 5.1.13
      '@multiformats/multiaddr': 12.4.0
      '@sindresorhus/fnv1a': 3.1.0
      any-signal: 4.1.1
      delay: 6.0.0
      get-iterator: 2.0.1
      is-loopback-addr: 2.0.2
      it-foreach: 2.1.2
      it-pipe: 3.0.1
      it-pushable: 3.2.3
      it-stream-types: 2.0.2
      netmask: 2.0.2
      p-defer: 4.0.1
      race-event: 1.3.0
      race-signal: 1.1.3
      uint8arraylist: 2.4.8
      uint8arrays: 5.1.0

  '@libp2p/websockets@9.2.8':
    dependencies:
      '@libp2p/interface': 2.7.0
      '@libp2p/utils': 6.6.0
      '@multiformats/multiaddr': 12.4.0
      '@multiformats/multiaddr-matcher': 1.6.0
      '@multiformats/multiaddr-to-uri': 11.0.0
      '@types/ws': 8.18.0
      it-ws: 6.1.5
      p-defer: 4.0.1
      p-event: 6.0.1
      progress-events: 1.0.1
      race-signal: 1.1.3
      ws: 8.18.1
    transitivePeerDependencies:
      - bufferutil
      - utf-8-validate

  '@multiformats/dns@1.0.6':
    dependencies:
      '@types/dns-packet': 5.6.5
      buffer: 6.0.3
      dns-packet: 5.6.1
      hashlru: 2.3.0
      p-queue: 8.1.0
      progress-events: 1.0.1
      uint8arrays: 5.1.0

  '@multiformats/mafmt@12.1.6':
    dependencies:
      '@multiformats/multiaddr': 12.4.0

  '@multiformats/multiaddr-matcher@1.6.0':
    dependencies:
      '@chainsafe/is-ip': 2.1.0
      '@multiformats/multiaddr': 12.4.0
      multiformats: 13.3.2

  '@multiformats/multiaddr-to-uri@11.0.0':
    dependencies:
      '@multiformats/multiaddr': 12.4.0

  '@multiformats/multiaddr@12.4.0':
    dependencies:
      '@chainsafe/is-ip': 2.1.0
      '@chainsafe/netmask': 2.0.0
      '@multiformats/dns': 1.0.6
      multiformats: 13.3.2
      uint8-varint: 2.0.4
      uint8arrays: 5.1.0

  '@noble/ciphers@1.2.1': {}

  '@noble/curves@1.8.1':
    dependencies:
      '@noble/hashes': 1.7.1

  '@noble/hashes@1.7.1': {}

  '@sindresorhus/fnv1a@3.1.0': {}

  '@types/dns-packet@5.6.5':
    dependencies:
      '@types/node': 22.13.11

  '@types/node@22.13.11':
    dependencies:
      undici-types: 6.20.0

  '@types/retry@0.12.2': {}

  '@types/ws@8.18.0':
    dependencies:
      '@types/node': 22.13.11

  abort-error@1.0.1: {}

  any-signal@4.1.1: {}

  base64-js@1.5.1: {}

  buffer@6.0.3:
    dependencies:
      base64-js: 1.5.1
      ieee754: 1.2.1

  datastore-core@10.0.2:
    dependencies:
      '@libp2p/logger': 5.1.13
      interface-datastore: 8.3.1
      interface-store: 6.0.2
      it-drain: 3.0.8
      it-filter: 3.1.2
      it-map: 3.1.2
      it-merge: 3.0.9
      it-pipe: 3.0.1
      it-pushable: 3.2.3
      it-sort: 3.0.7
      it-take: 3.0.7

  delay@6.0.0: {}

  dns-packet@5.6.1:
    dependencies:
      '@leichtgewicht/ip-codec': 2.0.5

  event-iterator@2.0.0: {}

  eventemitter3@5.0.1: {}

  get-iterator@2.0.1: {}

  hashlru@2.3.0: {}

  ieee754@1.2.1: {}

  interface-datastore@8.3.1:
    dependencies:
      interface-store: 6.0.2
      uint8arrays: 5.1.0

  interface-store@6.0.2: {}

  is-electron@2.2.2: {}

  is-loopback-addr@2.0.2: {}

  is-network-error@1.1.0: {}

  is-plain-obj@2.1.0: {}

  it-all@3.0.7: {}

  it-byte-stream@1.1.1:
    dependencies:
      it-queueless-pushable: 1.0.2
      it-stream-types: 2.0.2
      uint8arraylist: 2.4.8

  it-drain@3.0.8: {}

  it-filter@3.1.2:
    dependencies:
      it-peekable: 3.0.6

  it-foreach@2.1.2:
    dependencies:
      it-peekable: 3.0.6

  it-last@3.0.7: {}

  it-length-prefixed-stream@1.2.1:
    dependencies:
      it-byte-stream: 1.1.1
      it-stream-types: 2.0.2
      uint8-varint: 2.0.4
      uint8arraylist: 2.4.8

  it-length-prefixed@10.0.1:
    dependencies:
      it-reader: 6.0.4
      it-stream-types: 2.0.2
      uint8-varint: 2.0.4
      uint8arraylist: 2.4.8
      uint8arrays: 5.1.0

  it-length@3.0.7: {}

  it-map@3.1.2:
    dependencies:
      it-peekable: 3.0.6

  it-merge@3.0.9:
    dependencies:
      it-queueless-pushable: 2.0.0

  it-pair@2.0.6:
    dependencies:
      it-stream-types: 2.0.2
      p-defer: 4.0.1

  it-parallel@3.0.9:
    dependencies:
      p-defer: 4.0.1

  it-peekable@3.0.6: {}

  it-pipe@3.0.1:
    dependencies:
      it-merge: 3.0.9
      it-pushable: 3.2.3
      it-stream-types: 2.0.2

  it-protobuf-stream@1.1.6:
    dependencies:
      it-length-prefixed-stream: 1.2.1
      it-stream-types: 2.0.2
      uint8arraylist: 2.4.8

  it-pushable@3.2.3:
    dependencies:
      p-defer: 4.0.1

  it-queueless-pushable@1.0.2:
    dependencies:
      p-defer: 4.0.1
      race-signal: 1.1.3

  it-queueless-pushable@2.0.0:
    dependencies:
      abort-error: 1.0.1
      p-defer: 4.0.1
      race-signal: 1.1.3

  it-reader@6.0.4:
    dependencies:
      it-stream-types: 2.0.2
      uint8arraylist: 2.4.8

  it-sort@3.0.7:
    dependencies:
      it-all: 3.0.7

  it-stream-types@2.0.2: {}

  it-take@3.0.7: {}

  it-ws@6.1.5:
    dependencies:
      '@types/ws': 8.18.0
      event-iterator: 2.0.0
      it-stream-types: 2.0.2
      uint8arrays: 5.1.0
      ws: 8.18.1
    transitivePeerDependencies:
      - bufferutil
      - utf-8-validate

  libp2p@2.8.2:
    dependencies:
      '@chainsafe/is-ip': 2.1.0
      '@chainsafe/netmask': 2.0.0
      '@libp2p/crypto': 5.0.15
      '@libp2p/interface': 2.7.0
      '@libp2p/interface-internal': 2.3.9
      '@libp2p/logger': 5.1.13
      '@libp2p/multistream-select': 6.0.20
      '@libp2p/peer-collections': 6.0.25
      '@libp2p/peer-id': 5.1.0
      '@libp2p/peer-store': 11.1.2
      '@libp2p/utils': 6.6.0
      '@multiformats/dns': 1.0.6
      '@multiformats/multiaddr': 12.4.0
      '@multiformats/multiaddr-matcher': 1.6.0
      any-signal: 4.1.1
      datastore-core: 10.0.2
      interface-datastore: 8.3.1
      it-byte-stream: 1.1.1
      it-merge: 3.0.9
      it-parallel: 3.0.9
      merge-options: 3.0.4
      multiformats: 13.3.2
      p-defer: 4.0.1
      p-retry: 6.2.1
      progress-events: 1.0.1
      race-event: 1.3.0
      race-signal: 1.1.3
      uint8arrays: 5.1.0

  merge-options@3.0.4:
    dependencies:
      is-plain-obj: 2.1.0

  mortice@3.0.6:
    dependencies:
      observable-webworkers: 2.0.1
      p-queue: 8.1.0
      p-timeout: 6.1.4

  ms@3.0.0-canary.1: {}

  multiformats@13.3.2: {}

  netmask@2.0.2: {}

  observable-webworkers@2.0.1: {}

  p-defer@4.0.1: {}

  p-event@6.0.1:
    dependencies:
      p-timeout: 6.1.4

  p-queue@8.1.0:
    dependencies:
      eventemitter3: 5.0.1
      p-timeout: 6.1.4

  p-retry@6.2.1:
    dependencies:
      '@types/retry': 0.12.2
      is-network-error: 1.1.0
      retry: 0.13.1

  p-timeout@6.1.4: {}

  progress-events@1.0.1: {}

  protons-runtime@5.5.0:
    dependencies:
      uint8-varint: 2.0.4
      uint8arraylist: 2.4.8
      uint8arrays: 5.1.0

  race-event@1.3.0: {}

  race-signal@1.1.3: {}

  retry@0.13.1: {}

  supports-color@9.4.0: {}

  typescript@5.8.2: {}

  uint8-varint@2.0.4:
    dependencies:
      uint8arraylist: 2.4.8
      uint8arrays: 5.1.0

  uint8arraylist@2.4.8:
    dependencies:
      uint8arrays: 5.1.0

  uint8arrays@5.1.0:
    dependencies:
      multiformats: 13.3.2

  undici-types@6.20.0: {}

  weald@1.0.4:
    dependencies:
      ms: 3.0.0-canary.1
      supports-color: 9.4.0

  wherearewe@2.0.1:
    dependencies:
      is-electron: 2.2.2

  ws@8.18.1: {}
